// !$*UTF8*$!
{
	archiveVersion = 1;
	classes = {
	};
	objectVersion = 46;
	objects = {

/* Begin PBXBuildFile section */
		279520401B7DDFC600EDDB06 /* AppDelegate.swift in Sources */ = {isa = PBXBuildFile; fileRef = 2795203F1B7DDFC600EDDB06 /* AppDelegate.swift */; };
		279520421B7DDFC600EDDB06 /* ViewController.swift in Sources */ = {isa = PBXBuildFile; fileRef = 279520411B7DDFC600EDDB06 /* ViewController.swift */; };
		279520451B7DDFC600EDDB06 /* Main.storyboard in Resources */ = {isa = PBXBuildFile; fileRef = 279520431B7DDFC600EDDB06 /* Main.storyboard */; };
		279520471B7DDFC600EDDB06 /* Images.xcassets in Resources */ = {isa = PBXBuildFile; fileRef = 279520461B7DDFC600EDDB06 /* Images.xcassets */; };
		2795204A1B7DDFC600EDDB06 /* LaunchScreen.xib in Resources */ = {isa = PBXBuildFile; fileRef = 279520481B7DDFC600EDDB06 /* LaunchScreen.xib */; };
		279520561B7DDFC600EDDB06 /* SwiftToturialTests.swift in Sources */ = {isa = PBXBuildFile; fileRef = 279520551B7DDFC600EDDB06 /* SwiftToturialTests.swift */; };
/* End PBXBuildFile section */

/* Begin PBXContainerItemProxy section */
		279520501B7DDFC600EDDB06 /* PBXContainerItemProxy */ = {
			isa = PBXContainerItemProxy;
			containerPortal = 279520321B7DDFC600EDDB06 /* Project object */;
			proxyType = 1;
			remoteGlobalIDString = 279520391B7DDFC600EDDB06;
			remoteInfo = SwiftToturial;
		};
/* End PBXContainerItemProxy section */

/* Begin PBXFileReference section */
		2795203A1B7DDFC600EDDB06 /* SwiftToturial.app */ = {isa = PBXFileReference; explicitFileType = wrapper.application; includeInIndex = 0; path = SwiftToturial.app; sourceTree = BUILT_PRODUCTS_DIR; };
		2795203E1B7DDFC600EDDB06 /* Info.plist */ = {isa = PBXFileReference; lastKnownFileType = text.plist.xml; path = Info.plist; sourceTree = "<group>"; };
		2795203F1B7DDFC600EDDB06 /* AppDelegate.swift */ = {isa = PBXFileReference; lastKnownFileType = sourcecode.swift; path = AppDelegate.swift; sourceTree = "<group>"; };
		279520411B7DDFC600EDDB06 /* ViewController.swift */ = {isa = PBXFileReference; lastKnownFileType = sourcecode.swift; path = ViewController.swift; sourceTree = "<group>"; };
		279520441B7DDFC600EDDB06 /* Base */ = {isa = PBXFileReference; lastKnownFileType = file.storyboard; name = Base; path = Base.lproj/Main.storyboard; sourceTree = "<group>"; };
		279520461B7DDFC600EDDB06 /* Images.xcassets */ = {isa = PBXFileReference; lastKnownFileType = folder.assetcatalog; path = Images.xcassets; sourceTree = "<group>"; };
		279520491B7DDFC600EDDB06 /* Base */ = {isa = PBXFileReference; lastKnownFileType = file.xib; name = Base; path = Base.lproj/LaunchScreen.xib; sourceTree = "<group>"; };
		2795204F1B7DDFC600EDDB06 /* SwiftToturialTests.xctest */ = {isa = PBXFileReference; explicitFileType = wrapper.cfbundle; includeInIndex = 0; path = SwiftToturialTests.xctest; sourceTree = BUILT_PRODUCTS_DIR; };
		279520541B7DDFC600EDDB06 /* Info.plist */ = {isa = PBXFileReference; lastKnownFileType = text.plist.xml; path = Info.plist; sourceTree = "<group>"; };
		279520551B7DDFC600EDDB06 /* SwiftToturialTests.swift */ = {isa = PBXFileReference; lastKnownFileType = sourcecode.swift; path = SwiftToturialTests.swift; sourceTree = "<group>"; };
/* End PBXFileReference section */

/* Begin PBXFrameworksBuildPhase section */
		279520371B7DDFC600EDDB06 /* Frameworks */ = {
			isa = PBXFrameworksBuildPhase;
			buildActionMask = 2147483647;
			files = (
			);
			runOnlyForDeploymentPostprocessing = 0;
		};
		2795204C1B7DDFC600EDDB06 /* Frameworks */ = {
			isa = PBXFrameworksBuildPhase;
			buildActionMask = 2147483647;
			files = (
			);
			runOnlyForDeploymentPostprocessing = 0;
		};
/* End PBXFrameworksBuildPhase section */

/* Begin PBXGroup section */
		279520311B7DDFC600EDDB06 = {
			isa = PBXGroup;
			children = (
				2795203C1B7DDFC600EDDB06 /* SwiftToturial */,
				279520521B7DDFC600EDDB06 /* SwiftToturialTests */,
				2795203B1B7DDFC600EDDB06 /* Products */,
			);
			sourceTree = "<group>";
		};
		2795203B1B7DDFC600EDDB06 /* Products */ = {
			isa = PBXGroup;
			children = (
				2795203A1B7DDFC600EDDB06 /* SwiftToturial.app */,
				2795204F1B7DDFC600EDDB06 /* SwiftToturialTests.xctest */,
			);
			name = Products;
			sourceTree = "<group>";
		};
		2795203C1B7DDFC600EDDB06 /* SwiftToturial */ = {
			isa = PBXGroup;
			children = (
				2795203F1B7DDFC600EDDB06 /* AppDelegate.swift */,
				279520411B7DDFC600EDDB06 /* ViewController.swift */,
				279520431B7DDFC600EDDB06 /* Main.storyboard */,
				279520461B7DDFC600EDDB06 /* Images.xcassets */,
				279520481B7DDFC600EDDB06 /* LaunchScreen.xib */,
				2795203D1B7DDFC600EDDB06 /* Supporting Files */,
			);
			path = SwiftToturial;
			sourceTree = "<group>";
		};
		2795203D1B7DDFC600EDDB06 /* Supporting Files */ = {
			isa = PBXGroup;
			children = (
				2795203E1B7DDFC600EDDB06 /* Info.plist */,
			);
			name = "Supporting Files";
			sourceTree = "<group>";
		};
		279520521B7DDFC600EDDB06 /* SwiftToturialTests */ = {
			isa = PBXGroup;
			children = (
				279520551B7DDFC600EDDB06 /* SwiftToturialTests.swift */,
				279520531B7DDFC600EDDB06 /* Supporting Files */,
			);
			path = SwiftToturialTests;
			sourceTree = "<group>";
		};
		279520531B7DDFC600EDDB06 /* Supporting Files */ = {
			isa = PBXGroup;
			children = (
				279520541B7DDFC600EDDB06 /* Info.plist */,
			);
			name = "Supporting Files";
			sourceTree = "<group>";
		};
/* End PBXGroup section */

/* Begin PBXNativeTarget section */
		279520391B7DDFC600EDDB06 /* SwiftToturial */ = {
			isa = PBXNativeTarget;
			buildConfigurationList = 279520591B7DDFC600EDDB06 /* Build configuration list for PBXNativeTarget "SwiftToturial" */;
			buildPhases = (
				279520361B7DDFC600EDDB06 /* Sources */,
				279520371B7DDFC600EDDB06 /* Frameworks */,
				279520381B7DDFC600EDDB06 /* Resources */,
			);
			buildRules = (
			);
			dependencies = (
			);
			name = SwiftToturial;
			productName = SwiftToturial;
			productReference = 2795203A1B7DDFC600EDDB06 /* SwiftToturial.app */;
			productType = "com.apple.product-type.application";
		};
		2795204E1B7DDFC600EDDB06 /* SwiftToturialTests */ = {
			isa = PBXNativeTarget;
			buildConfigurationList = 2795205C1B7DDFC600EDDB06 /* Build configuration list for PBXNativeTarget "SwiftToturialTests" */;
			buildPhases = (
				2795204B1B7DDFC600EDDB06 /* Sources */,
				2795204C1B7DDFC600EDDB06 /* Frameworks */,
				2795204D1B7DDFC600EDDB06 /* Resources */,
			);
			buildRules = (
			);
			dependencies = (
				279520511B7DDFC600EDDB06 /* PBXTargetDependency */,
			);
			name = SwiftToturialTests;
			productName = SwiftToturialTests;
			productReference = 2795204F1B7DDFC600EDDB06 /* SwiftToturialTests.xctest */;
			productType = "com.apple.product-type.bundle.unit-test";
		};
/* End PBXNativeTarget section */

/* Begin PBXProject section */
		279520321B7DDFC600EDDB06 /* Project object */ = {
			isa = PBXProject;
			attributes = {
				LastUpgradeCheck = 0630;
				ORGANIZATIONNAME = "Thanh Hai";
				TargetAttributes = {
					279520391B7DDFC600EDDB06 = {
						CreatedOnToolsVersion = 6.3.2;
					};
					2795204E1B7DDFC600EDDB06 = {
						CreatedOnToolsVersion = 6.3.2;
						TestTargetID = 279520391B7DDFC600EDDB06;
					};
				};
			};
			buildConfigurationList = 279520351B7DDFC600EDDB06 /* Build configuration list for PBXProject "SwiftToturial" */;
			compatibilityVersion = "Xcode 3.2";
			developmentRegion = English;
			hasScannedForEncodings = 0;
			knownRegions = (
				en,
				Base,
			);
			mainGroup = 279520311B7DDFC600EDDB06;
			productRefGroup = 2795203B1B7DDFC600EDDB06 /* Products */;
			projectDirPath = "";
			projectRoot = "";
			targets = (
				279520391B7DDFC600EDDB06 /* SwiftToturial */,
				2795204E1B7DDFC600EDDB06 /* SwiftToturialTests */,
			);
		};
/* End PBXProject section */

/* Begin PBXResourcesBuildPhase section */
		279520381B7DDFC600EDDB06 /* Resources */ = {
			isa = PBXResourcesBuildPhase;
			buildActionMask = 2147483647;
			files = (
				279520451B7DDFC600EDDB06 /* Main.storyboard in Resources */,
				2795204A1B7DDFC600EDDB06 /* LaunchScreen.xib in Resources */,
				279520471B7DDFC600EDDB06 /* Images.xcassets in Resources */,
			);
			runOnlyForDeploymentPostprocessing = 0;
		};
		2795204D1B7DDFC600EDDB06 /* Resources */ = {
			isa = PBXResourcesBuildPhase;
			buildActionMask = 2147483647;
			files = (
			);
			runOnlyForDeploymentPostprocessing = 0;
		};
/* End PBXResourcesBuildPhase section */

/* Begin PBXSourcesBuildPhase section */
		279520361B7DDFC600EDDB06 /* Sources */ = {
			isa = PBXSourcesBuildPhase;
			buildActionMask = 2147483647;
			files = (
				279520421B7DDFC600EDDB06 /* ViewController.swift in Sources */,
				279520401B7DDFC600EDDB06 /* AppDelegate.swift in Sources */,
			);
			runOnlyForDeploymentPostprocessing = 0;
		};
		2795204B1B7DDFC600EDDB06 /* Sources */ = {
			isa = PBXSourcesBuildPhase;
			buildActionMask = 2147483647;
			files = (
				279520561B7DDFC600EDDB06 /* SwiftToturialTests.swift in Sources */,
			);
			runOnlyForDeploymentPostprocessing = 0;
		};
/* End PBXSourcesBuildPhase section */

/* Begin PBXTargetDependency section */
		279520511B7DDFC600EDDB06 /* PBXTargetDependency */ = {
			isa = PBXTargetDependency;
			target = 279520391B7DDFC600EDDB06 /* SwiftToturial */;
			targetProxy = 279520501B7DDFC600EDDB06 /* PBXContainerItemProxy */;
		};
/* End PBXTargetDependency section */

/* Begin PBXVariantGroup section */
		279520431B7DDFC600EDDB06 /* Main.storyboard */ = {
			isa = PBXVariantGroup;
			children = (
				279520441B7DDFC600EDDB06 /* Base */,
			);
			name = Main.storyboard;
			sourceTree = "<group>";
		};
		279520481B7DDFC600EDDB06 /* LaunchScreen.xib */ = {
			isa = PBXVariantGroup;
			children = (
				279520491B7DDFC600EDDB06 /* Base */,
			);
			name = LaunchScreen.xib;
			sourceTree = "<group>";
		};
/* End PBXVariantGroup section */

/* Begin XCBuildConfiguration section */
		279520571B7DDFC600EDDB06 /* Debug */ = {
			isa = XCBuildConfiguration;
			buildSettings = {
				ALWAYS_SEARCH_USER_PATHS = NO;
				CLANG_CXX_LANGUAGE_STANDARD = "gnu++0x";
				CLANG_CXX_LIBRARY = "libc++";
				CLANG_ENABLE_MODULES = YES;
				CLANG_ENABLE_OBJC_ARC = YES;
				CLANG_WARN_BOOL_CONVERSION = YES;
				CLANG_WARN_CONSTANT_CONVERSION = YES;
				CLANG_WARN_DIRECT_OBJC_ISA_USAGE = YES_ERROR;
				CLANG_WARN_EMPTY_BODY = YES;
				CLANG_WARN_ENUM_CONVERSION = YES;
				CLANG_WARN_INT_CONVERSION = YES;
				CLANG_WARN_OBJC_ROOT_CLASS = YES_ERROR;
				CLANG_WARN_UNREACHABLE_CODE = YES;
				CLANG_WARN__DUPLICATE_METHOD_MATCH = YES;
				"CODE_SIGN_IDENTITY[sdk=iphoneos*]" = "iPhone Developer";
				COPY_PHASE_STRIP = NO;
				DEBUG_INFORMATION_FORMAT = "dwarf-with-dsym";
				ENABLE_STRICT_OBJC_MSGSEND = YES;
				GCC_C_LANGUAGE_STANDARD = gnu99;
				GCC_DYNAMIC_NO_PIC = NO;
				GCC_NO_COMMON_BLOCKS = YES;
				GCC_OPTIMIZATION_LEVEL = 0;
				GCC_PREPROCESSOR_DEFINITIONS = (
					"DEBUG=1",
					"$(inherited)",
				);
				GCC_SYMBOLS_PRIVATE_EXTERN = NO;
				GCC_WARN_64_TO_32_BIT_CONVERSION = YES;
				GCC_WARN_ABOUT_RETURN_TYPE = YES_ERROR;
				GCC_WARN_UNDECLARED_SELECTOR = YES;
				GCC_WARN_UNINITIALIZED_AUTOS = YES_AGGRESSIVE;
				GCC_WARN_UNUSED_FUNCTION = YES;
				GCC_WARN_UNUSED_VARIABLE = YES;
				IPHONEOS_DEPLOYMENT_TARGET = 8.3;
				MTL_ENABLE_DEBUG_INFO = YES;
				ONLY_ACTIVE_ARCH = YES;
				SDKROOT = iphoneos;
				SWIFT_OPTIMIZATION_LEVEL = "-Onone";
			};
			name = Debug;
		};
		279520581B7DDFC600EDDB06 /* Release */ = {
			isa = XCBuildConfiguration;
			buildSettings = {
				ALWAYS_SEARCH_USER_PATHS = NO;
				CLANG_CXX_LANGUAGE_STANDARD = "gnu++0x";
				CLANG_CXX_LIBRARY = "libc++";
				CLANG_ENABLE_MODULES = YES;
				CLANG_ENABLE_OBJC_ARC = YES;
				CLANG_WARN_BOOL_CONVERSION = YES;
				CLANG_WARN_CONSTANT_CONVERSION = YES;
				CLANG_WARN_DIRECT_OBJC_ISA_USAGE = YES_ERROR;
				CLANG_WARN_EMPTY_BODY = YES;
				CLANG_WARN_ENUM_CONVERSION = YES;
				CLANG_WARN_INT_CONVERSION = YES;
				CLANG_WARN_OBJC_ROOT_CLASS = YES_ERROR;
				CLANG_WARN_UNREACHABLE_CODE = YES;
				CLANG_WARN__DUPLICATE_METHOD_MATCH = YES;
				"CODE_SIGN_IDENTITY[sdk=iphoneos*]" = "iPhone Developer";
				COPY_PHASE_STRIP = NO;
				DEBUG_INFORMATION_FORMAT = "dwarf-with-dsym";
				ENABLE_NS_ASSERTIONS = NO;
				ENABLE_STRICT_OBJC_MSGSEND = YES;
				GCC_C_LANGUAGE_STANDARD = gnu99;
				GCC_NO_COMMON_BLOCKS = YES;
				GCC_WARN_64_TO_32_BIT_CONVERSION = YES;
				GCC_WARN_ABOUT_RETURN_TYPE = YES_ERROR;
				GCC_WARN_UNDECLARED_SELECTOR = YES;
				GCC_WARN_UNINITIALIZED_AUTOS = YES_AGGRESSIVE;
				GCC_WARN_UNUSED_FUNCTION = YES;
				GCC_WARN_UNUSED_VARIABLE = YES;
				IPHONEOS_DEPLOYMENT_TARGET = 8.3;
				MTL_ENABLE_DEBUG_INFO = NO;
				SDKROOT = iphoneos;
				VALIDATE_PRODUCT = YES;
			};
			name = Release;
		};
		2795205A1B7DDFC600EDDB06 /* Debug */ = {
			isa = XCBuildConfiguration;
			buildSettings = {
				ASSETCATALOG_COMPILER_APPICON_NAME = AppIcon;
				INFOPLIST_FILE = SwiftToturial/Info.plist;
				LD_RUNPATH_SEARCH_PATHS = "$(inherited) @executable_path/Frameworks";
				PRODUCT_NAME = "$(TARGET_NAME)";
			};
			name = Debug;
		};
		2795205B1B7DDFC600EDDB06 /* Release */ = {
			isa = XCBuildConfiguration;
			buildSettings = {
				ASSETCATALOG_COMPILER_APPICON_NAME = AppIcon;
				INFOPLIST_FILE = SwiftToturial/Info.plist;
				LD_RUNPATH_SEARCH_PATHS = "$(inherited) @executable_path/Frameworks";
				PRODUCT_NAME = "$(TARGET_NAME)";
			};
			name = Release;
		};
		2795205D1B7DDFC600EDDB06 /* Debug */ = {
			isa = XCBuildConfiguration;
			buildSettings = {
				BUNDLE_LOADER = "$(TEST_HOST)";
				FRAMEWORK_SEARCH_PATHS = (
					"$(SDKROOT)/Developer/Library/Frameworks",
					"$(inherited)",
				);
				GCC_PREPROCESSOR_DEFINITIONS = (
					"DEBUG=1",
					"$(inherited)",
				);
				INFOPLIST_FILE = SwiftToturialTests/Info.plist;
				LD_RUNPATH_SEARCH_PATHS = "$(inherited) @executable_path/Frameworks @loader_path/Frameworks";
				PRODUCT_NAME = "$(TARGET_NAME)";
				TEST_HOST = "$(BUILT_PRODUCTS_DIR)/SwiftToturial.app/SwiftToturial";
			};
			name = Debug;
		};
		2795205E1B7DDFC600EDDB06 /* Release */ = {
			isa = XCBuildConfiguration;
			buildSettings = {
				BUNDLE_LOADER = "$(TEST_HOST)";
				FRAMEWORK_SEARCH_PATHS = (
					"$(SDKROOT)/Developer/Library/Frameworks",
					"$(inherited)",
				);
				INFOPLIST_FILE = SwiftToturialTests/Info.plist;
				LD_RUNPATH_SEARCH_PATHS = "$(inherited) @executable_path/Frameworks @loader_path/Frameworks";
				PRODUCT_NAME = "$(TARGET_NAME)";
				TEST_HOST = "$(BUILT_PRODUCTS_DIR)/SwiftToturial.app/SwiftToturial";
			};
			name = Release;
		};
/* End XCBuildConfiguration section */

/* Begin XCConfigurationList section */
		279520351B7DDFC600EDDB06 /* Build configuration list for PBXProject "SwiftToturial" */ = {
			isa = XCConfigurationList;
			buildConfigurations = (
				279520571B7DDFC600EDDB06 /* Debug */,
				279520581B7DDFC600EDDB06 /* Release */,
			);
			defaultConfigurationIsVisible = 0;
			defaultConfigurationName = Release;
		};
		279520591B7DDFC600EDDB06 /* Build configuration list for PBXNativeTarget "SwiftToturial" */ = {
			isa = XCConfigurationList;
			buildConfigurations = (
				2795205A1B7DDFC600EDDB06 /* Debug */,
				2795205B1B7DDFC600EDDB06 /* Release */,
			);
			defaultConfigurationIsVisible = 0;
		};
		2795205C1B7DDFC600EDDB06 /* Build configuration list for PBXNativeTarget "SwiftToturialTests" */ = {
			isa = XCConfigurationList;
			buildConfigurations = (
				2795205D1B7DDFC600EDDB06 /* Debug */,
				2795205E1B7DDFC600EDDB06 /* Release */,
			);
			defaultConfigurationIsVisible = 0;
		};
/* End XCConfigurationList section */
	};
	rootObject = 279520321B7DDFC600EDDB06 /* Project object */;
}
